
Microsoft Visual Studio Solution File, Format Version 12.00
# Visual Studio Version 16
VisualStudioVersion = 16.0.30114.105
MinimumVisualStudioVersion = 10.0.40219.1
Project("{FAE04EC0-301F-11D3-BF4B-00C04F79EFBC}") = "FinalExam", "FinalExam\FinalExam.csproj", "{C7CF1EC9-F4AA-4788-B067-1678FFB75C2C}"
EndProject
Global
	GlobalSection(SolutionConfigurationPlatforms) = preSolution
		Debug|Any CPU = Debug|Any CPU
		Release|Any CPU = Release|Any CPU
	EndGlobalSection
	GlobalSection(ProjectConfigurationPlatforms) = postSolution
		{C7CF1EC9-F4AA-4788-B067-1678FFB75C2C}.Debug|Any CPU.ActiveCfg = Debug|Any CPU
		{C7CF1EC9-F4AA-4788-B067-1678FFB75C2C}.Debug|Any CPU.Build.0 = Debug|Any CPU
		{C7CF1EC9-F4AA-4788-B067-1678FFB75C2C}.Release|Any CPU.ActiveCfg = Release|Any CPU
		{C7CF1EC9-F4AA-4788-B067-1678FFB75C2C}.Release|Any CPU.Build.0 = Release|Any CPU
	EndGlobalSection
	GlobalSection(SolutionProperties) = preSolution
		HideSolutionNode = FALSE
	EndGlobalSection
	GlobalSection(ExtensibilityGlobals) = postSolution
		SolutionGuid = {4DDE80DB-E243-463B-B5DF-9CD7DBC27151}
	EndGlobalSection
EndGlobal
